// !$*UTF8*$!
{
	archiveVersion = 1;
	classes = {
	};
	objectVersion = 50;
	objects = {

/* Begin PBXBuildFile section */
		CE1CCB5020EB1ECD00F9DC60 /* thirdvc.swift in Sources */ = {isa = PBXBuildFile; fileRef = CE1CCB4F20EB1ECD00F9DC60 /* thirdvc.swift */; };
		CE1CCB5220EB249300F9DC60 /* fourvc.swift in Sources */ = {isa = PBXBuildFile; fileRef = CE1CCB5120EB249300F9DC60 /* fourvc.swift */; };
		CE1CCB5420EB29EB00F9DC60 /* fifthvc.swift in Sources */ = {isa = PBXBuildFile; fileRef = CE1CCB5320EB29EB00F9DC60 /* fifthvc.swift */; };
		CE1CCB5620EB41E200F9DC60 /* sixthvc.swift in Sources */ = {isa = PBXBuildFile; fileRef = CE1CCB5520EB41E200F9DC60 /* sixthvc.swift */; };
		CE1CCB5820EB47A500F9DC60 /* sevenvc.swift in Sources */ = {isa = PBXBuildFile; fileRef = CE1CCB5720EB47A500F9DC60 /* sevenvc.swift */; };
		CE1CCB5A20EB4E4C00F9DC60 /* eightvc.swift in Sources */ = {isa = PBXBuildFile; fileRef = CE1CCB5920EB4E4C00F9DC60 /* eightvc.swift */; };
		CE1CCB5C20EB790A00F9DC60 /* Property List.plist in Resources */ = {isa = PBXBuildFile; fileRef = CE1CCB5B20EB790A00F9DC60 /* Property List.plist */; };
		CE77C69320E9F99B00329A19 /* firstvc.swift in Sources */ = {isa = PBXBuildFile; fileRef = CE77C69220E9F99B00329A19 /* firstvc.swift */; };
		CE77C69520EA27DE00329A19 /* secondvc.swift in Sources */ = {isa = PBXBuildFile; fileRef = CE77C69420EA27DE00329A19 /* secondvc.swift */; };
		CEF803C520E4D64D00B6DFDF /* AppDelegate.swift in Sources */ = {isa = PBXBuildFile; fileRef = CEF803C420E4D64D00B6DFDF /* AppDelegate.swift */; };
		CEF803C720E4D64D00B6DFDF /* ViewController.swift in Sources */ = {isa = PBXBuildFile; fileRef = CEF803C620E4D64D00B6DFDF /* ViewController.swift */; };
		CEF803CA20E4D64D00B6DFDF /* Main.storyboard in Resources */ = {isa = PBXBuildFile; fileRef = CEF803C820E4D64D00B6DFDF /* Main.storyboard */; };
		CEF803CC20E4D64E00B6DFDF /* Assets.xcassets in Resources */ = {isa = PBXBuildFile; fileRef = CEF803CB20E4D64E00B6DFDF /* Assets.xcassets */; };
		CEF803CF20E4D64E00B6DFDF /* LaunchScreen.storyboard in Resources */ = {isa = PBXBuildFile; fileRef = CEF803CD20E4D64E00B6DFDF /* LaunchScreen.storyboard */; };
		CEF803D920E4F92100B6DFDF /* MyViewController.swift in Sources */ = {isa = PBXBuildFile; fileRef = CEF803D820E4F92100B6DFDF /* MyViewController.swift */; };
/* End PBXBuildFile section */

/* Begin PBXFileReference section */
		CE1CCB4F20EB1ECD00F9DC60 /* thirdvc.swift */ = {isa = PBXFileReference; lastKnownFileType = sourcecode.swift; path = thirdvc.swift; sourceTree = "<group>"; };
		CE1CCB5120EB249300F9DC60 /* fourvc.swift */ = {isa = PBXFileReference; lastKnownFileType = sourcecode.swift; path = fourvc.swift; sourceTree = "<group>"; };
		CE1CCB5320EB29EB00F9DC60 /* fifthvc.swift */ = {isa = PBXFileReference; lastKnownFileType = sourcecode.swift; path = fifthvc.swift; sourceTree = "<group>"; };
		CE1CCB5520EB41E200F9DC60 /* sixthvc.swift */ = {isa = PBXFileReference; lastKnownFileType = sourcecode.swift; path = sixthvc.swift; sourceTree = "<group>"; };
		CE1CCB5720EB47A500F9DC60 /* sevenvc.swift */ = {isa = PBXFileReference; lastKnownFileType = sourcecode.swift; path = sevenvc.swift; sourceTree = "<group>"; };
		CE1CCB5920EB4E4C00F9DC60 /* eightvc.swift */ = {isa = PBXFileReference; lastKnownFileType = sourcecode.swift; path = eightvc.swift; sourceTree = "<group>"; };
		CE1CCB5B20EB790A00F9DC60 /* Property List.plist */ = {isa = PBXFileReference; lastKnownFileType = text.plist.xml; path = "Property List.plist"; sourceTree = "<group>"; };
		CE77C69220E9F99B00329A19 /* firstvc.swift */ = {isa = PBXFileReference; lastKnownFileType = sourcecode.swift; path = firstvc.swift; sourceTree = "<group>"; };
		CE77C69420EA27DE00329A19 /* secondvc.swift */ = {isa = PBXFileReference; lastKnownFileType = sourcecode.swift; path = secondvc.swift; sourceTree = "<group>"; };
		CEF803C120E4D64D00B6DFDF /* 0628 movie.app */ = {isa = PBXFileReference; explicitFileType = wrapper.application; includeInIndex = 0; path = "0628 movie.app"; sourceTree = BUILT_PRODUCTS_DIR; };
		CEF803C420E4D64D00B6DFDF /* AppDelegate.swift */ = {isa = PBXFileReference; lastKnownFileType = sourcecode.swift; path = AppDelegate.swift; sourceTree = "<group>"; };
		CEF803C620E4D64D00B6DFDF /* ViewController.swift */ = {isa = PBXFileReference; lastKnownFileType = sourcecode.swift; path = ViewController.swift; sourceTree = "<group>"; };
		CEF803C920E4D64D00B6DFDF /* Base */ = {isa = PBXFileReference; lastKnownFileType = file.storyboard; name = Base; path = Base.lproj/Main.storyboard; sourceTree = "<group>"; };
		CEF803CB20E4D64E00B6DFDF /* Assets.xcassets */ = {isa = PBXFileReference; lastKnownFileType = folder.assetcatalog; path = Assets.xcassets; sourceTree = "<group>"; };
		CEF803CE20E4D64E00B6DFDF /* Base */ = {isa = PBXFileReference; lastKnownFileType = file.storyboard; name = Base; path = Base.lproj/LaunchScreen.storyboard; sourceTree = "<group>"; };
		CEF803D020E4D64E00B6DFDF /* Info.plist */ = {isa = PBXFileReference; lastKnownFileType = text.plist.xml; path = Info.plist; sourceTree = "<group>"; };
		CEF803D820E4F92100B6DFDF /* MyViewController.swift */ = {isa = PBXFileReference; lastKnownFileType = sourcecode.swift; path = MyViewController.swift; sourceTree = "<group>"; };
/* End PBXFileReference section */

/* Begin PBXFrameworksBuildPhase section */
		CEF803BE20E4D64D00B6DFDF /* Frameworks */ = {
			isa = PBXFrameworksBuildPhase;
			buildActionMask = 2147483647;
			files = (
			);
			runOnlyForDeploymentPostprocessing = 0;
		};
/* End PBXFrameworksBuildPhase section */

/* Begin PBXGroup section */
		CEF803B820E4D64C00B6DFDF = {
			isa = PBXGroup;
			children = (
				CEF803C320E4D64D00B6DFDF /* 0628 movie */,
				CEF803C220E4D64D00B6DFDF /* Products */,
			);
			sourceTree = "<group>";
		};
		CEF803C220E4D64D00B6DFDF /* Products */ = {
			isa = PBXGroup;
			children = (
				CEF803C120E4D64D00B6DFDF /* 0628 movie.app */,
			);
			name = Products;
			sourceTree = "<group>";
		};
		CEF803C320E4D64D00B6DFDF /* 0628 movie */ = {
			isa = PBXGroup;
			children = (
				CEF803C420E4D64D00B6DFDF /* AppDelegate.swift */,
				CEF803C620E4D64D00B6DFDF /* ViewController.swift */,
				CEF803C820E4D64D00B6DFDF /* Main.storyboard */,
				CEF803CB20E4D64E00B6DFDF /* Assets.xcassets */,
				CEF803CD20E4D64E00B6DFDF /* LaunchScreen.storyboard */,
				CEF803D020E4D64E00B6DFDF /* Info.plist */,
				CEF803D820E4F92100B6DFDF /* MyViewController.swift */,
				CE77C69220E9F99B00329A19 /* firstvc.swift */,
				CE77C69420EA27DE00329A19 /* secondvc.swift */,
				CE1CCB4F20EB1ECD00F9DC60 /* thirdvc.swift */,
				CE1CCB5120EB249300F9DC60 /* fourvc.swift */,
				CE1CCB5320EB29EB00F9DC60 /* fifthvc.swift */,
				CE1CCB5520EB41E200F9DC60 /* sixthvc.swift */,
				CE1CCB5720EB47A500F9DC60 /* sevenvc.swift */,
				CE1CCB5920EB4E4C00F9DC60 /* eightvc.swift */,
				CE1CCB5B20EB790A00F9DC60 /* Property List.plist */,
			);
			path = "0628 movie";
			sourceTree = "<group>";
		};
/* End PBXGroup section */

/* Begin PBXNativeTarget section */
		CEF803C020E4D64D00B6DFDF /* 0628 movie */ = {
			isa = PBXNativeTarget;
			buildConfigurationList = CEF803D320E4D64E00B6DFDF /* Build configuration list for PBXNativeTarget "0628 movie" */;
			buildPhases = (
				CEF803BD20E4D64D00B6DFDF /* Sources */,
				CEF803BE20E4D64D00B6DFDF /* Frameworks */,
				CEF803BF20E4D64D00B6DFDF /* Resources */,
			);
			buildRules = (
			);
			dependencies = (
			);
			name = "0628 movie";
			productName = "0628 movie";
			productReference = CEF803C120E4D64D00B6DFDF /* 0628 movie.app */;
			productType = "com.apple.product-type.application";
		};
/* End PBXNativeTarget section */

/* Begin PBXProject section */
		CEF803B920E4D64D00B6DFDF /* Project object */ = {
			isa = PBXProject;
			attributes = {
				LastSwiftUpdateCheck = 0940;
				LastUpgradeCheck = 0940;
				ORGANIZATIONNAME = barry;
				TargetAttributes = {
					CEF803C020E4D64D00B6DFDF = {
						CreatedOnToolsVersion = 9.4;
					};
				};
			};
			buildConfigurationList = CEF803BC20E4D64D00B6DFDF /* Build configuration list for PBXProject "0628 movie" */;
			compatibilityVersion = "Xcode 9.3";
			developmentRegion = en;
			hasScannedForEncodings = 0;
			knownRegions = (
				en,
				Base,
			);
			mainGroup = CEF803B820E4D64C00B6DFDF;
			productRefGroup = CEF803C220E4D64D00B6DFDF /* Products */;
			projectDirPath = "";
			projectRoot = "";
			targets = (
				CEF803C020E4D64D00B6DFDF /* 0628 movie */,
			);
		};
/* End PBXProject section */

/* Begin PBXResourcesBuildPhase section */
		CEF803BF20E4D64D00B6DFDF /* Resources */ = {
			isa = PBXResourcesBuildPhase;
			buildActionMask = 2147483647;
			files = (
				CEF803CF20E4D64E00B6DFDF /* LaunchScreen.storyboard in Resources */,
				CEF803CC20E4D64E00B6DFDF /* Assets.xcassets in Resources */,
				CE1CCB5C20EB790A00F9DC60 /* Property List.plist in Resources */,
				CEF803CA20E4D64D00B6DFDF /* Main.storyboard in Resources */,
			);
			runOnlyForDeploymentPostprocessing = 0;
		};
/* End PBXResourcesBuildPhase section */

/* Begin PBXSourcesBuildPhase section */
		CEF803BD20E4D64D00B6DFDF /* Sources */ = {
			isa = PBXSourcesBuildPhase;
			buildActionMask = 2147483647;
			files = (
				CE1CCB5020EB1ECD00F9DC60 /* thirdvc.swift in Sources */,
				CE1CCB5220EB249300F9DC60 /* fourvc.swift in Sources */,
				CE1CCB5420EB29EB00F9DC60 /* fifthvc.swift in Sources */,
				CEF803C720E4D64D00B6DFDF /* ViewController.swift in Sources */,
				CE77C69320E9F99B00329A19 /* firstvc.swift in Sources */,
				CEF803D920E4F92100B6DFDF /* MyViewController.swift in Sources */,
				CE77C69520EA27DE00329A19 /* secondvc.swift in Sources */,
				CE1CCB5620EB41E200F9DC60 /* sixthvc.swift in Sources */,
				CE1CCB5A20EB4E4C00F9DC60 /* eightvc.swift in Sources */,
				CE1CCB5820EB47A500F9DC60 /* sevenvc.swift in Sources */,
				CEF803C520E4D64D00B6DFDF /* AppDelegate.swift in Sources */,
			);
			runOnlyForDeploymentPostprocessing = 0;
		};
/* End PBXSourcesBuildPhase section */

/* Begin PBXVariantGroup section */
		CEF803C820E4D64D00B6DFDF /* Main.storyboard */ = {
			isa = PBXVariantGroup;
			children = (
				CEF803C920E4D64D00B6DFDF /* Base */,
			);
			name = Main.storyboard;
			sourceTree = "<group>";
		};
		CEF803CD20E4D64E00B6DFDF /* LaunchScreen.storyboard */ = {
			isa = PBXVariantGroup;
			children = (
				CEF803CE20E4D64E00B6DFDF /* Base */,
			);
			name = LaunchScreen.storyboard;
			sourceTree = "<group>";
		};
/* End PBXVariantGroup section */

/* Begin XCBuildConfiguration section */
		CEF803D120E4D64E00B6DFDF /* Debug */ = {
			isa = XCBuildConfiguration;
			buildSettings = {
				ALWAYS_SEARCH_USER_PATHS = NO;
				CLANG_ANALYZER_NONNULL = YES;
				CLANG_ANALYZER_NUMBER_OBJECT_CONVERSION = YES_AGGRESSIVE;
				CLANG_CXX_LANGUAGE_STANDARD = "gnu++14";
				CLANG_CXX_LIBRARY = "libc++";
				CLANG_ENABLE_MODULES = YES;
				CLANG_ENABLE_OBJC_ARC = YES;
				CLANG_ENABLE_OBJC_WEAK = YES;
				CLANG_WARN_BLOCK_CAPTURE_AUTORELEASING = YES;
				CLANG_WARN_BOOL_CONVERSION = YES;
				CLANG_WARN_COMMA = YES;
				CLANG_WARN_CONSTANT_CONVERSION = YES;
				CLANG_WARN_DEPRECATED_OBJC_IMPLEMENTATIONS = YES;
				CLANG_WARN_DIRECT_OBJC_ISA_USAGE = YES_ERROR;
				CLANG_WARN_DOCUMENTATION_COMMENTS = YES;
				CLANG_WARN_EMPTY_BODY = YES;
				CLANG_WARN_ENUM_CONVERSION = YES;
				CLANG_WARN_INFINITE_RECURSION = YES;
				CLANG_WARN_INT_CONVERSION = YES;
				CLANG_WARN_NON_LITERAL_NULL_CONVERSION = YES;
				CLANG_WARN_OBJC_IMPLICIT_RETAIN_SELF = YES;
				CLANG_WARN_OBJC_LITERAL_CONVERSION = YES;
				CLANG_WARN_OBJC_ROOT_CLASS = YES_ERROR;
				CLANG_WARN_RANGE_LOOP_ANALYSIS = YES;
				CLANG_WARN_STRICT_PROTOTYPES = YES;
				CLANG_WARN_SUSPICIOUS_MOVE = YES;
				CLANG_WARN_UNGUARDED_AVAILABILITY = YES_AGGRESSIVE;
				CLANG_WARN_UNREACHABLE_CODE = YES;
				CLANG_WARN__DUPLICATE_METHOD_MATCH = YES;
				CODE_SIGN_IDENTITY = "iPhone Developer";
				COPY_PHASE_STRIP = NO;
				DEBUG_INFORMATION_FORMAT = dwarf;
				ENABLE_STRICT_OBJC_MSGSEND = YES;
				ENABLE_TESTABILITY = YES;
				GCC_C_LANGUAGE_STANDARD = gnu11;
				GCC_DYNAMIC_NO_PIC = NO;
				GCC_NO_COMMON_BLOCKS = YES;
				GCC_OPTIMIZATION_LEVEL = 0;
				GCC_PREPROCESSOR_DEFINITIONS = (
					"DEBUG=1",
					"$(inherited)",
				);
				GCC_WARN_64_TO_32_BIT_CONVERSION = YES;
				GCC_WARN_ABOUT_RETURN_TYPE = YES_ERROR;
				GCC_WARN_UNDECLARED_SELECTOR = YES;
				GCC_WARN_UNINITIALIZED_AUTOS = YES_AGGRESSIVE;
				GCC_WARN_UNUSED_FUNCTION = YES;
				GCC_WARN_UNUSED_VARIABLE = YES;
				IPHONEOS_DEPLOYMENT_TARGET = 11.4;
				MTL_ENABLE_DEBUG_INFO = YES;
				ONLY_ACTIVE_ARCH = YES;
				SDKROOT = iphoneos;
				SWIFT_ACTIVE_COMPILATION_CONDITIONS = DEBUG;
				SWIFT_OPTIMIZATION_LEVEL = "-Onone";
			};
			name = Debug;
		};
		CEF803D220E4D64E00B6DFDF /* Release */ = {
			isa = XCBuildConfiguration;
			buildSettings = {
				ALWAYS_SEARCH_USER_PATHS = NO;
				CLANG_ANALYZER_NONNULL = YES;
				CLANG_ANALYZER_NUMBER_OBJECT_CONVERSION = YES_AGGRESSIVE;
				CLANG_CXX_LANGUAGE_STANDARD = "gnu++14";
				CLANG_CXX_LIBRARY = "libc++";
				CLANG_ENABLE_MODULES = YES;
				CLANG_ENABLE_OBJC_ARC = YES;
				CLANG_ENABLE_OBJC_WEAK = YES;
				CLANG_WARN_BLOCK_CAPTURE_AUTORELEASING = YES;
				CLANG_WARN_BOOL_CONVERSION = YES;
				CLANG_WARN_COMMA = YES;
				CLANG_WARN_CONSTANT_CONVERSION = YES;
				CLANG_WARN_DEPRECATED_OBJC_IMPLEMENTATIONS = YES;
				CLANG_WARN_DIRECT_OBJC_ISA_USAGE = YES_ERROR;
				CLANG_WARN_DOCUMENTATION_COMMENTS = YES;
				CLANG_WARN_EMPTY_BODY = YES;
				CLANG_WARN_ENUM_CONVERSION = YES;
				CLANG_WARN_INFINITE_RECURSION = YES;
				CLANG_WARN_INT_CONVERSION = YES;
				CLANG_WARN_NON_LITERAL_NULL_CONVERSION = YES;
				CLANG_WARN_OBJC_IMPLICIT_RETAIN_SELF = YES;
				CLANG_WARN_OBJC_LITERAL_CONVERSION = YES;
				CLANG_WARN_OBJC_ROOT_CLASS = YES_ERROR;
				CLANG_WARN_RANGE_LOOP_ANALYSIS = YES;
				CLANG_WARN_STRICT_PROTOTYPES = YES;
				CLANG_WARN_SUSPICIOUS_MOVE = YES;
				CLANG_WARN_UNGUARDED_AVAILABILITY = YES_AGGRESSIVE;
				CLANG_WARN_UNREACHABLE_CODE = YES;
				CLANG_WARN__DUPLICATE_METHOD_MATCH = YES;
				CODE_SIGN_IDENTITY = "iPhone Developer";
				COPY_PHASE_STRIP = NO;
				DEBUG_INFORMATION_FORMAT = "dwarf-with-dsym";
				ENABLE_NS_ASSERTIONS = NO;
				ENABLE_STRICT_OBJC_MSGSEND = YES;
				GCC_C_LANGUAGE_STANDARD = gnu11;
				GCC_NO_COMMON_BLOCKS = YES;
				GCC_WARN_64_TO_32_BIT_CONVERSION = YES;
				GCC_WARN_ABOUT_RETURN_TYPE = YES_ERROR;
				GCC_WARN_UNDECLARED_SELECTOR = YES;
				GCC_WARN_UNINITIALIZED_AUTOS = YES_AGGRESSIVE;
				GCC_WARN_UNUSED_FUNCTION = YES;
				GCC_WARN_UNUSED_VARIABLE = YES;
				IPHONEOS_DEPLOYMENT_TARGET = 11.4;
				MTL_ENABLE_DEBUG_INFO = NO;
				SDKROOT = iphoneos;
				SWIFT_COMPILATION_MODE = wholemodule;
				SWIFT_OPTIMIZATION_LEVEL = "-O";
				VALIDATE_PRODUCT = YES;
			};
			name = Release;
		};
		CEF803D420E4D64E00B6DFDF /* Debug */ = {
			isa = XCBuildConfiguration;
			buildSettings = {
				ASSETCATALOG_COMPILER_APPICON_NAME = AppIcon;
				CODE_SIGN_STYLE = Automatic;
				DEVELOPMENT_TEAM = 76T5KWEPVV;
				INFOPLIST_FILE = "0628 movie/Info.plist";
				LD_RUNPATH_SEARCH_PATHS = (
					"$(inherited)",
					"@executable_path/Frameworks",
				);
				PRODUCT_BUNDLE_IDENTIFIER = "wubarry.-628-movie";
				PRODUCT_NAME = "$(TARGET_NAME)";
				SWIFT_VERSION = 4.0;
				TARGETED_DEVICE_FAMILY = "1,2";
			};
			name = Debug;
		};
		CEF803D520E4D64E00B6DFDF /* Release */ = {
			isa = XCBuildConfiguration;
			buildSettings = {
				ASSETCATALOG_COMPILER_APPICON_NAME = AppIcon;
				CODE_SIGN_STYLE = Automatic;
				DEVELOPMENT_TEAM = 76T5KWEPVV;
				INFOPLIST_FILE = "0628 movie/Info.plist";
				LD_RUNPATH_SEARCH_PATHS = (
					"$(inherited)",
					"@executable_path/Frameworks",
				);
				PRODUCT_BUNDLE_IDENTIFIER = "wubarry.-628-movie";
				PRODUCT_NAME = "$(TARGET_NAME)";
				SWIFT_VERSION = 4.0;
				TARGETED_DEVICE_FAMILY = "1,2";
			};
			name = Release;
		};
/* End XCBuildConfiguration section */

/* Begin XCConfigurationList section */
		CEF803BC20E4D64D00B6DFDF /* Build configuration list for PBXProject "0628 movie" */ = {
			isa = XCConfigurationList;
			buildConfigurations = (
				CEF803D120E4D64E00B6DFDF /* Debug */,
				CEF803D220E4D64E00B6DFDF /* Release */,
			);
			defaultConfigurationIsVisible = 0;
			defaultConfigurationName = Release;
		};
		CEF803D320E4D64E00B6DFDF /* Build configuration list for PBXNativeTarget "0628 movie" */ = {
			isa = XCConfigurationList;
			buildConfigurations = (
				CEF803D420E4D64E00B6DFDF /* Debug */,
				CEF803D520E4D64E00B6DFDF /* Release */,
			);
			defaultConfigurationIsVisible = 0;
			defaultConfigurationName = Release;
		};
/* End XCConfigurationList section */
	};
	rootObject = CEF803B920E4D64D00B6DFDF /* Project object */;
}
